{
  "name": "react-rails-api-bookstore",
  "version": "1.0.0",
  "lockfileVersion": 2,
  "requires": true,
  "packages": {
    "": {
      "name": "react-rails-api-bookstore",
      "version": "1.0.0",
      "hasInstallScript": true,
      "engines": {
        "node": "16.14.2",
        "npm": "8.5.0"
      }
    }
  }
}
